// !$*UTF8*$!
{
	archiveVersion = 1;
	classes = {
	};
	objectVersion = 50;
	objects = {

/* Begin PBXBuildFile section */
		642D01B6211BA98700043DDC /* AppDelegate.swift in Sources */ = {isa = PBXBuildFile; fileRef = 642D01B5211BA98700043DDC /* AppDelegate.swift */; };
		642D01BD211BA98800043DDC /* Assets.xcassets in Resources */ = {isa = PBXBuildFile; fileRef = 642D01BC211BA98800043DDC /* Assets.xcassets */; };
		642D01C0211BA98800043DDC /* LaunchScreen.storyboard in Resources */ = {isa = PBXBuildFile; fileRef = 642D01BE211BA98800043DDC /* LaunchScreen.storyboard */; };
		6430F717211BD53D00CEFDAC /* ReactiveCocoa.framework in Frameworks */ = {isa = PBXBuildFile; fileRef = 6430F70E211BD53D00CEFDAC /* ReactiveCocoa.framework */; };
		6430F718211BD53D00CEFDAC /* Result.framework in Frameworks */ = {isa = PBXBuildFile; fileRef = 6430F70F211BD53D00CEFDAC /* Result.framework */; };
		6430F719211BD53D00CEFDAC /* ObjectMapper.framework in Frameworks */ = {isa = PBXBuildFile; fileRef = 6430F710211BD53D00CEFDAC /* ObjectMapper.framework */; };
		6430F71A211BD53D00CEFDAC /* AlamofireObjectMapper.framework in Frameworks */ = {isa = PBXBuildFile; fileRef = 6430F711211BD53D00CEFDAC /* AlamofireObjectMapper.framework */; };
		6430F71B211BD53D00CEFDAC /* Alamofire.framework in Frameworks */ = {isa = PBXBuildFile; fileRef = 6430F712211BD53D00CEFDAC /* Alamofire.framework */; };
		6430F71D211BD53D00CEFDAC /* ReactiveSwift.framework in Frameworks */ = {isa = PBXBuildFile; fileRef = 6430F714211BD53D00CEFDAC /* ReactiveSwift.framework */; };
		6430F71E211BD53D00CEFDAC /* AlamofireImage.framework in Frameworks */ = {isa = PBXBuildFile; fileRef = 6430F715211BD53D00CEFDAC /* AlamofireImage.framework */; };
		64659B12211C7312007DFE79 /* BaseContainerViewController.swift in Sources */ = {isa = PBXBuildFile; fileRef = 64659B0E211C7312007DFE79 /* BaseContainerViewController.swift */; };
		64659B13211C7312007DFE79 /* BaseViewController.swift in Sources */ = {isa = PBXBuildFile; fileRef = 64659B0F211C7312007DFE79 /* BaseViewController.swift */; };
		64659B14211C7312007DFE79 /* BaseTableViewController.swift in Sources */ = {isa = PBXBuildFile; fileRef = 64659B10211C7312007DFE79 /* BaseTableViewController.swift */; };
		64659B15211C7312007DFE79 /* Networking.swift in Sources */ = {isa = PBXBuildFile; fileRef = 64659B11211C7312007DFE79 /* Networking.swift */; };
		64659B17211C76EE007DFE79 /* Utilities.swift in Sources */ = {isa = PBXBuildFile; fileRef = 64659B16211C76EE007DFE79 /* Utilities.swift */; };
		64659B19211C7813007DFE79 /* BaseViewModel.swift in Sources */ = {isa = PBXBuildFile; fileRef = 64659B18211C7813007DFE79 /* BaseViewModel.swift */; };
		64659B1B211C78F3007DFE79 /* SearchContainerViewController.swift in Sources */ = {isa = PBXBuildFile; fileRef = 64659B1A211C78F3007DFE79 /* SearchContainerViewController.swift */; };
		64659B1D211C7A85007DFE79 /* NavigationRouter.swift in Sources */ = {isa = PBXBuildFile; fileRef = 64659B1C211C7A85007DFE79 /* NavigationRouter.swift */; };
		64659B1F211C7E86007DFE79 /* Extensions.swift in Sources */ = {isa = PBXBuildFile; fileRef = 64659B1E211C7E86007DFE79 /* Extensions.swift */; };
		64659B21211C8EC1007DFE79 /* SearchTableViewController.swift in Sources */ = {isa = PBXBuildFile; fileRef = 64659B20211C8EC1007DFE79 /* SearchTableViewController.swift */; };
		64659B23211C8FD9007DFE79 /* SearchViewModel.swift in Sources */ = {isa = PBXBuildFile; fileRef = 64659B22211C8FD9007DFE79 /* SearchViewModel.swift */; };
		64659B27211C997E007DFE79 /* SearchElement.swift in Sources */ = {isa = PBXBuildFile; fileRef = 64659B26211C997E007DFE79 /* SearchElement.swift */; };
		64659B2A211CA00D007DFE79 /* SearchResultTableViewCell.swift in Sources */ = {isa = PBXBuildFile; fileRef = 64659B28211CA00D007DFE79 /* SearchResultTableViewCell.swift */; };
		64659B2B211CA00D007DFE79 /* SearchResultTableViewCell.xib in Resources */ = {isa = PBXBuildFile; fileRef = 64659B29211CA00D007DFE79 /* SearchResultTableViewCell.xib */; };
/* End PBXBuildFile section */

/* Begin PBXFileReference section */
		642D01B2211BA98700043DDC /* Itunes search.app */ = {isa = PBXFileReference; explicitFileType = wrapper.application; includeInIndex = 0; path = "Itunes search.app"; sourceTree = BUILT_PRODUCTS_DIR; };
		642D01B5211BA98700043DDC /* AppDelegate.swift */ = {isa = PBXFileReference; lastKnownFileType = sourcecode.swift; path = AppDelegate.swift; sourceTree = "<group>"; };
		642D01BC211BA98800043DDC /* Assets.xcassets */ = {isa = PBXFileReference; lastKnownFileType = folder.assetcatalog; path = Assets.xcassets; sourceTree = "<group>"; };
		642D01BF211BA98800043DDC /* Base */ = {isa = PBXFileReference; lastKnownFileType = file.storyboard; name = Base; path = Base.lproj/LaunchScreen.storyboard; sourceTree = "<group>"; };
		642D01C1211BA98800043DDC /* Info.plist */ = {isa = PBXFileReference; lastKnownFileType = text.plist.xml; path = Info.plist; sourceTree = "<group>"; };
		6430F70E211BD53D00CEFDAC /* ReactiveCocoa.framework */ = {isa = PBXFileReference; lastKnownFileType = wrapper.framework; name = ReactiveCocoa.framework; path = Carthage/Build/iOS/ReactiveCocoa.framework; sourceTree = "<group>"; };
		6430F70F211BD53D00CEFDAC /* Result.framework */ = {isa = PBXFileReference; lastKnownFileType = wrapper.framework; name = Result.framework; path = Carthage/Build/iOS/Result.framework; sourceTree = "<group>"; };
		6430F710211BD53D00CEFDAC /* ObjectMapper.framework */ = {isa = PBXFileReference; lastKnownFileType = wrapper.framework; name = ObjectMapper.framework; path = Carthage/Build/iOS/ObjectMapper.framework; sourceTree = "<group>"; };
		6430F711211BD53D00CEFDAC /* AlamofireObjectMapper.framework */ = {isa = PBXFileReference; lastKnownFileType = wrapper.framework; name = AlamofireObjectMapper.framework; path = Carthage/Build/iOS/AlamofireObjectMapper.framework; sourceTree = "<group>"; };
		6430F712211BD53D00CEFDAC /* Alamofire.framework */ = {isa = PBXFileReference; lastKnownFileType = wrapper.framework; name = Alamofire.framework; path = Carthage/Build/iOS/Alamofire.framework; sourceTree = "<group>"; };
		6430F714211BD53D00CEFDAC /* ReactiveSwift.framework */ = {isa = PBXFileReference; lastKnownFileType = wrapper.framework; name = ReactiveSwift.framework; path = Carthage/Build/iOS/ReactiveSwift.framework; sourceTree = "<group>"; };
		6430F715211BD53D00CEFDAC /* AlamofireImage.framework */ = {isa = PBXFileReference; lastKnownFileType = wrapper.framework; name = AlamofireImage.framework; path = Carthage/Build/iOS/AlamofireImage.framework; sourceTree = "<group>"; };
		64659B0E211C7312007DFE79 /* BaseContainerViewController.swift */ = {isa = PBXFileReference; fileEncoding = 4; lastKnownFileType = sourcecode.swift; path = BaseContainerViewController.swift; sourceTree = "<group>"; };
		64659B0F211C7312007DFE79 /* BaseViewController.swift */ = {isa = PBXFileReference; fileEncoding = 4; lastKnownFileType = sourcecode.swift; path = BaseViewController.swift; sourceTree = "<group>"; };
		64659B10211C7312007DFE79 /* BaseTableViewController.swift */ = {isa = PBXFileReference; fileEncoding = 4; lastKnownFileType = sourcecode.swift; path = BaseTableViewController.swift; sourceTree = "<group>"; };
		64659B11211C7312007DFE79 /* Networking.swift */ = {isa = PBXFileReference; fileEncoding = 4; lastKnownFileType = sourcecode.swift; path = Networking.swift; sourceTree = "<group>"; };
		64659B16211C76EE007DFE79 /* Utilities.swift */ = {isa = PBXFileReference; fileEncoding = 4; lastKnownFileType = sourcecode.swift; path = Utilities.swift; sourceTree = "<group>"; };
		64659B18211C7813007DFE79 /* BaseViewModel.swift */ = {isa = PBXFileReference; lastKnownFileType = sourcecode.swift; path = BaseViewModel.swift; sourceTree = "<group>"; };
		64659B1A211C78F3007DFE79 /* SearchContainerViewController.swift */ = {isa = PBXFileReference; lastKnownFileType = sourcecode.swift; path = SearchContainerViewController.swift; sourceTree = "<group>"; };
		64659B1C211C7A85007DFE79 /* NavigationRouter.swift */ = {isa = PBXFileReference; lastKnownFileType = sourcecode.swift; path = NavigationRouter.swift; sourceTree = "<group>"; };
		64659B1E211C7E86007DFE79 /* Extensions.swift */ = {isa = PBXFileReference; fileEncoding = 4; lastKnownFileType = sourcecode.swift; path = Extensions.swift; sourceTree = "<group>"; };
		64659B20211C8EC1007DFE79 /* SearchTableViewController.swift */ = {isa = PBXFileReference; lastKnownFileType = sourcecode.swift; path = SearchTableViewController.swift; sourceTree = "<group>"; };
		64659B22211C8FD9007DFE79 /* SearchViewModel.swift */ = {isa = PBXFileReference; lastKnownFileType = sourcecode.swift; path = SearchViewModel.swift; sourceTree = "<group>"; };
		64659B26211C997E007DFE79 /* SearchElement.swift */ = {isa = PBXFileReference; lastKnownFileType = sourcecode.swift; path = SearchElement.swift; sourceTree = "<group>"; };
		64659B28211CA00D007DFE79 /* SearchResultTableViewCell.swift */ = {isa = PBXFileReference; lastKnownFileType = sourcecode.swift; path = SearchResultTableViewCell.swift; sourceTree = "<group>"; };
		64659B29211CA00D007DFE79 /* SearchResultTableViewCell.xib */ = {isa = PBXFileReference; lastKnownFileType = file.xib; path = SearchResultTableViewCell.xib; sourceTree = "<group>"; };
/* End PBXFileReference section */

/* Begin PBXFrameworksBuildPhase section */
		642D01AF211BA98700043DDC /* Frameworks */ = {
			isa = PBXFrameworksBuildPhase;
			buildActionMask = 2147483647;
			files = (
				6430F719211BD53D00CEFDAC /* ObjectMapper.framework in Frameworks */,
				6430F71D211BD53D00CEFDAC /* ReactiveSwift.framework in Frameworks */,
				6430F717211BD53D00CEFDAC /* ReactiveCocoa.framework in Frameworks */,
				6430F718211BD53D00CEFDAC /* Result.framework in Frameworks */,
				6430F71B211BD53D00CEFDAC /* Alamofire.framework in Frameworks */,
				6430F71A211BD53D00CEFDAC /* AlamofireObjectMapper.framework in Frameworks */,
				6430F71E211BD53D00CEFDAC /* AlamofireImage.framework in Frameworks */,
			);
			runOnlyForDeploymentPostprocessing = 0;
		};
/* End PBXFrameworksBuildPhase section */

/* Begin PBXGroup section */
		642D01A9211BA98700043DDC = {
			isa = PBXGroup;
			children = (
				642D01B4211BA98700043DDC /* Itunes search */,
				649560F3211BD50500EC5236 /* Frameworks */,
				642D01B3211BA98700043DDC /* Products */,
			);
			sourceTree = "<group>";
		};
		642D01B3211BA98700043DDC /* Products */ = {
			isa = PBXGroup;
			children = (
				642D01B2211BA98700043DDC /* Itunes search.app */,
			);
			name = Products;
			sourceTree = "<group>";
		};
		642D01B4211BA98700043DDC /* Itunes search */ = {
			isa = PBXGroup;
			children = (
				64659B25211C91A3007DFE79 /* Project elements */,
				64659B24211C9179007DFE79 /* BaseClasses */,
				642D01B5211BA98700043DDC /* AppDelegate.swift */,
				64659B1A211C78F3007DFE79 /* SearchContainerViewController.swift */,
				64659B1C211C7A85007DFE79 /* NavigationRouter.swift */,
				64659B20211C8EC1007DFE79 /* SearchTableViewController.swift */,
				64659B22211C8FD9007DFE79 /* SearchViewModel.swift */,
				64659B26211C997E007DFE79 /* SearchElement.swift */,
				64659B28211CA00D007DFE79 /* SearchResultTableViewCell.swift */,
				64659B29211CA00D007DFE79 /* SearchResultTableViewCell.xib */,
			);
			path = "Itunes search";
			sourceTree = "<group>";
		};
		64659B24211C9179007DFE79 /* BaseClasses */ = {
			isa = PBXGroup;
			children = (
				64659B1E211C7E86007DFE79 /* Extensions.swift */,
				64659B16211C76EE007DFE79 /* Utilities.swift */,
				64659B0E211C7312007DFE79 /* BaseContainerViewController.swift */,
				64659B10211C7312007DFE79 /* BaseTableViewController.swift */,
				64659B0F211C7312007DFE79 /* BaseViewController.swift */,
				64659B11211C7312007DFE79 /* Networking.swift */,
				64659B18211C7813007DFE79 /* BaseViewModel.swift */,
			);
			name = BaseClasses;
			sourceTree = "<group>";
		};
		64659B25211C91A3007DFE79 /* Project elements */ = {
			isa = PBXGroup;
			children = (
				642D01BC211BA98800043DDC /* Assets.xcassets */,
				642D01BE211BA98800043DDC /* LaunchScreen.storyboard */,
				642D01C1211BA98800043DDC /* Info.plist */,
			);
			name = "Project elements";
			sourceTree = "<group>";
		};
		649560F3211BD50500EC5236 /* Frameworks */ = {
			isa = PBXGroup;
			children = (
				6430F712211BD53D00CEFDAC /* Alamofire.framework */,
				6430F715211BD53D00CEFDAC /* AlamofireImage.framework */,
				6430F711211BD53D00CEFDAC /* AlamofireObjectMapper.framework */,
				6430F710211BD53D00CEFDAC /* ObjectMapper.framework */,
				6430F70E211BD53D00CEFDAC /* ReactiveCocoa.framework */,
				6430F714211BD53D00CEFDAC /* ReactiveSwift.framework */,
				6430F70F211BD53D00CEFDAC /* Result.framework */,
			);
			name = Frameworks;
			sourceTree = "<group>";
		};
/* End PBXGroup section */

/* Begin PBXNativeTarget section */
		642D01B1211BA98700043DDC /* Itunes search */ = {
			isa = PBXNativeTarget;
			buildConfigurationList = 642D01CF211BA98800043DDC /* Build configuration list for PBXNativeTarget "Itunes search" */;
			buildPhases = (
				642D01AE211BA98700043DDC /* Sources */,
				642D01AF211BA98700043DDC /* Frameworks */,
				642D01B0211BA98700043DDC /* Resources */,
				64659B0D211BD58D007DFE79 /* ShellScript */,
			);
			buildRules = (
			);
			dependencies = (
			);
			name = "Itunes search";
			productName = "Itunes search";
			productReference = 642D01B2211BA98700043DDC /* Itunes search.app */;
			productType = "com.apple.product-type.application";
		};
/* End PBXNativeTarget section */

/* Begin PBXProject section */
		642D01AA211BA98700043DDC /* Project object */ = {
			isa = PBXProject;
			attributes = {
				LastSwiftUpdateCheck = 0940;
				LastUpgradeCheck = 0940;
				ORGANIZATIONNAME = "Alejandro Moya";
				TargetAttributes = {
					642D01B1211BA98700043DDC = {
						CreatedOnToolsVersion = 9.4.1;
					};
				};
			};
			buildConfigurationList = 642D01AD211BA98700043DDC /* Build configuration list for PBXProject "Itunes search" */;
			compatibilityVersion = "Xcode 9.3";
			developmentRegion = en;
			hasScannedForEncodings = 0;
			knownRegions = (
				en,
				Base,
			);
			mainGroup = 642D01A9211BA98700043DDC;
			productRefGroup = 642D01B3211BA98700043DDC /* Products */;
			projectDirPath = "";
			projectRoot = "";
			targets = (
				642D01B1211BA98700043DDC /* Itunes search */,
			);
		};
/* End PBXProject section */

/* Begin PBXResourcesBuildPhase section */
		642D01B0211BA98700043DDC /* Resources */ = {
			isa = PBXResourcesBuildPhase;
			buildActionMask = 2147483647;
			files = (
				64659B2B211CA00D007DFE79 /* SearchResultTableViewCell.xib in Resources */,
				642D01C0211BA98800043DDC /* LaunchScreen.storyboard in Resources */,
				642D01BD211BA98800043DDC /* Assets.xcassets in Resources */,
			);
			runOnlyForDeploymentPostprocessing = 0;
		};
/* End PBXResourcesBuildPhase section */

/* Begin PBXShellScriptBuildPhase section */
		64659B0D211BD58D007DFE79 /* ShellScript */ = {
			isa = PBXShellScriptBuildPhase;
			buildActionMask = 2147483647;
			files = (
			);
			inputPaths = (
				"$(SRCROOT)/Carthage/Build/iOS/Alamofire.framework",
				"$(SRCROOT)/Carthage/Build/iOS/AlamofireImage.framework",
				"$(SRCROOT)/Carthage/Build/iOS/AlamofireObjectMapper.framework",
				"$(SRCROOT)/Carthage/Build/iOS/ObjectMapper.framework",
				"$(SRCROOT)/Carthage/Build/iOS/ReactiveCocoa.framework",
				"$(SRCROOT)/Carthage/Build/iOS/ReactiveSwift.framework",
				"$(SRCROOT)/Carthage/Build/iOS/Result.framework",
			);
			outputPaths = (
				"$(BUILT_PRODUCTS_DIR)/$(FRAMEWORKS_FOLDER_PATH)/Alamofire.framework",
				"$(BUILT_PRODUCTS_DIR)/$(FRAMEWORKS_FOLDER_PATH)/AlamofireImage.framework",
				"$(BUILT_PRODUCTS_DIR)/$(FRAMEWORKS_FOLDER_PATH)/AlamofireObjectMapper.framework",
				"$(BUILT_PRODUCTS_DIR)/$(FRAMEWORKS_FOLDER_PATH)/ObjectMapper.framework",
				"$(BUILT_PRODUCTS_DIR)/$(FRAMEWORKS_FOLDER_PATH)/ReactiveCocoa.framework",
				"$(BUILT_PRODUCTS_DIR)/$(FRAMEWORKS_FOLDER_PATH)/ReactiveSwift.framework",
				"$(BUILT_PRODUCTS_DIR)/$(FRAMEWORKS_FOLDER_PATH)/Result.framework",
			);
			runOnlyForDeploymentPostprocessing = 0;
			shellPath = /bin/sh;
			shellScript = "/usr/local/bin/carthage copy-frameworks";
		};
/* End PBXShellScriptBuildPhase section */

/* Begin PBXSourcesBuildPhase section */
		642D01AE211BA98700043DDC /* Sources */ = {
			isa = PBXSourcesBuildPhase;
			buildActionMask = 2147483647;
			files = (
				64659B2A211CA00D007DFE79 /* SearchResultTableViewCell.swift in Sources */,
				64659B13211C7312007DFE79 /* BaseViewController.swift in Sources */,
				64659B17211C76EE007DFE79 /* Utilities.swift in Sources */,
				64659B14211C7312007DFE79 /* BaseTableViewController.swift in Sources */,
				64659B15211C7312007DFE79 /* Networking.swift in Sources */,
				64659B19211C7813007DFE79 /* BaseViewModel.swift in Sources */,
				64659B1F211C7E86007DFE79 /* Extensions.swift in Sources */,
				64659B23211C8FD9007DFE79 /* SearchViewModel.swift in Sources */,
				64659B1B211C78F3007DFE79 /* SearchContainerViewController.swift in Sources */,
				642D01B6211BA98700043DDC /* AppDelegate.swift in Sources */,
				64659B21211C8EC1007DFE79 /* SearchTableViewController.swift in Sources */,
				64659B1D211C7A85007DFE79 /* NavigationRouter.swift in Sources */,
				64659B27211C997E007DFE79 /* SearchElement.swift in Sources */,
				64659B12211C7312007DFE79 /* BaseContainerViewController.swift in Sources */,
			);
			runOnlyForDeploymentPostprocessing = 0;
		};
/* End PBXSourcesBuildPhase section */

/* Begin PBXVariantGroup section */
		642D01BE211BA98800043DDC /* LaunchScreen.storyboard */ = {
			isa = PBXVariantGroup;
			children = (
				642D01BF211BA98800043DDC /* Base */,
			);
			name = LaunchScreen.storyboard;
			sourceTree = "<group>";
		};
/* End PBXVariantGroup section */

/* Begin XCBuildConfiguration section */
		642D01CD211BA98800043DDC /* Debug */ = {
			isa = XCBuildConfiguration;
			buildSettings = {
				ALWAYS_SEARCH_USER_PATHS = NO;
				CLANG_ANALYZER_NONNULL = YES;
				CLANG_ANALYZER_NUMBER_OBJECT_CONVERSION = YES_AGGRESSIVE;
				CLANG_CXX_LANGUAGE_STANDARD = "gnu++14";
				CLANG_CXX_LIBRARY = "libc++";
				CLANG_ENABLE_MODULES = YES;
				CLANG_ENABLE_OBJC_ARC = YES;
				CLANG_ENABLE_OBJC_WEAK = YES;
				CLANG_WARN_BLOCK_CAPTURE_AUTORELEASING = YES;
				CLANG_WARN_BOOL_CONVERSION = YES;
				CLANG_WARN_COMMA = YES;
				CLANG_WARN_CONSTANT_CONVERSION = YES;
				CLANG_WARN_DEPRECATED_OBJC_IMPLEMENTATIONS = YES;
				CLANG_WARN_DIRECT_OBJC_ISA_USAGE = YES_ERROR;
				CLANG_WARN_DOCUMENTATION_COMMENTS = YES;
				CLANG_WARN_EMPTY_BODY = YES;
				CLANG_WARN_ENUM_CONVERSION = YES;
				CLANG_WARN_INFINITE_RECURSION = YES;
				CLANG_WARN_INT_CONVERSION = YES;
				CLANG_WARN_NON_LITERAL_NULL_CONVERSION = YES;
				CLANG_WARN_OBJC_IMPLICIT_RETAIN_SELF = YES;
				CLANG_WARN_OBJC_LITERAL_CONVERSION = YES;
				CLANG_WARN_OBJC_ROOT_CLASS = YES_ERROR;
				CLANG_WARN_RANGE_LOOP_ANALYSIS = YES;
				CLANG_WARN_STRICT_PROTOTYPES = YES;
				CLANG_WARN_SUSPICIOUS_MOVE = YES;
				CLANG_WARN_UNGUARDED_AVAILABILITY = YES_AGGRESSIVE;
				CLANG_WARN_UNREACHABLE_CODE = YES;
				CLANG_WARN__DUPLICATE_METHOD_MATCH = YES;
				CODE_SIGN_IDENTITY = "iPhone Developer";
				COPY_PHASE_STRIP = NO;
				DEBUG_INFORMATION_FORMAT = dwarf;
				ENABLE_STRICT_OBJC_MSGSEND = YES;
				ENABLE_TESTABILITY = YES;
				GCC_C_LANGUAGE_STANDARD = gnu11;
				GCC_DYNAMIC_NO_PIC = NO;
				GCC_NO_COMMON_BLOCKS = YES;
				GCC_OPTIMIZATION_LEVEL = 0;
				GCC_PREPROCESSOR_DEFINITIONS = (
					"DEBUG=1",
					"$(inherited)",
				);
				GCC_WARN_64_TO_32_BIT_CONVERSION = YES;
				GCC_WARN_ABOUT_RETURN_TYPE = YES_ERROR;
				GCC_WARN_UNDECLARED_SELECTOR = YES;
				GCC_WARN_UNINITIALIZED_AUTOS = YES_AGGRESSIVE;
				GCC_WARN_UNUSED_FUNCTION = YES;
				GCC_WARN_UNUSED_VARIABLE = YES;
				IPHONEOS_DEPLOYMENT_TARGET = 10.0;
				MTL_ENABLE_DEBUG_INFO = YES;
				ONLY_ACTIVE_ARCH = YES;
				SDKROOT = iphoneos;
				SWIFT_ACTIVE_COMPILATION_CONDITIONS = DEBUG;
				SWIFT_OPTIMIZATION_LEVEL = "-Onone";
			};
			name = Debug;
		};
		642D01CE211BA98800043DDC /* Release */ = {
			isa = XCBuildConfiguration;
			buildSettings = {
				ALWAYS_SEARCH_USER_PATHS = NO;
				CLANG_ANALYZER_NONNULL = YES;
				CLANG_ANALYZER_NUMBER_OBJECT_CONVERSION = YES_AGGRESSIVE;
				CLANG_CXX_LANGUAGE_STANDARD = "gnu++14";
				CLANG_CXX_LIBRARY = "libc++";
				CLANG_ENABLE_MODULES = YES;
				CLANG_ENABLE_OBJC_ARC = YES;
				CLANG_ENABLE_OBJC_WEAK = YES;
				CLANG_WARN_BLOCK_CAPTURE_AUTORELEASING = YES;
				CLANG_WARN_BOOL_CONVERSION = YES;
				CLANG_WARN_COMMA = YES;
				CLANG_WARN_CONSTANT_CONVERSION = YES;
				CLANG_WARN_DEPRECATED_OBJC_IMPLEMENTATIONS = YES;
				CLANG_WARN_DIRECT_OBJC_ISA_USAGE = YES_ERROR;
				CLANG_WARN_DOCUMENTATION_COMMENTS = YES;
				CLANG_WARN_EMPTY_BODY = YES;
				CLANG_WARN_ENUM_CONVERSION = YES;
				CLANG_WARN_INFINITE_RECURSION = YES;
				CLANG_WARN_INT_CONVERSION = YES;
				CLANG_WARN_NON_LITERAL_NULL_CONVERSION = YES;
				CLANG_WARN_OBJC_IMPLICIT_RETAIN_SELF = YES;
				CLANG_WARN_OBJC_LITERAL_CONVERSION = YES;
				CLANG_WARN_OBJC_ROOT_CLASS = YES_ERROR;
				CLANG_WARN_RANGE_LOOP_ANALYSIS = YES;
				CLANG_WARN_STRICT_PROTOTYPES = YES;
				CLANG_WARN_SUSPICIOUS_MOVE = YES;
				CLANG_WARN_UNGUARDED_AVAILABILITY = YES_AGGRESSIVE;
				CLANG_WARN_UNREACHABLE_CODE = YES;
				CLANG_WARN__DUPLICATE_METHOD_MATCH = YES;
				CODE_SIGN_IDENTITY = "iPhone Developer";
				COPY_PHASE_STRIP = NO;
				DEBUG_INFORMATION_FORMAT = "dwarf-with-dsym";
				ENABLE_NS_ASSERTIONS = NO;
				ENABLE_STRICT_OBJC_MSGSEND = YES;
				GCC_C_LANGUAGE_STANDARD = gnu11;
				GCC_NO_COMMON_BLOCKS = YES;
				GCC_WARN_64_TO_32_BIT_CONVERSION = YES;
				GCC_WARN_ABOUT_RETURN_TYPE = YES_ERROR;
				GCC_WARN_UNDECLARED_SELECTOR = YES;
				GCC_WARN_UNINITIALIZED_AUTOS = YES_AGGRESSIVE;
				GCC_WARN_UNUSED_FUNCTION = YES;
				GCC_WARN_UNUSED_VARIABLE = YES;
				IPHONEOS_DEPLOYMENT_TARGET = 10.0;
				MTL_ENABLE_DEBUG_INFO = NO;
				SDKROOT = iphoneos;
				SWIFT_COMPILATION_MODE = wholemodule;
				SWIFT_OPTIMIZATION_LEVEL = "-O";
				VALIDATE_PRODUCT = YES;
			};
			name = Release;
		};
		642D01D0211BA98800043DDC /* Debug */ = {
			isa = XCBuildConfiguration;
			buildSettings = {
				ASSETCATALOG_COMPILER_APPICON_NAME = AppIcon;
				CODE_SIGN_STYLE = Automatic;
				DEVELOPMENT_TEAM = Z23RJ3SF9D;
				FRAMEWORK_SEARCH_PATHS = (
					"$(inherited)",
					"$(PROJECT_DIR)/Carthage/Build/iOS",
				);
				INFOPLIST_FILE = "Itunes search/Info.plist";
				LD_RUNPATH_SEARCH_PATHS = (
					"$(inherited)",
					"@executable_path/Frameworks",
				);
				PRODUCT_BUNDLE_IDENTIFIER = "AM.Itunes-search";
				PRODUCT_NAME = "$(TARGET_NAME)";
				SWIFT_VERSION = 4.0;
				TARGETED_DEVICE_FAMILY = 1;
			};
			name = Debug;
		};
		642D01D1211BA98800043DDC /* Release */ = {
			isa = XCBuildConfiguration;
			buildSettings = {
				ASSETCATALOG_COMPILER_APPICON_NAME = AppIcon;
				CODE_SIGN_STYLE = Automatic;
				DEVELOPMENT_TEAM = Z23RJ3SF9D;
				FRAMEWORK_SEARCH_PATHS = (
					"$(inherited)",
					"$(PROJECT_DIR)/Carthage/Build/iOS",
				);
				INFOPLIST_FILE = "Itunes search/Info.plist";
				LD_RUNPATH_SEARCH_PATHS = (
					"$(inherited)",
					"@executable_path/Frameworks",
				);
				PRODUCT_BUNDLE_IDENTIFIER = "AM.Itunes-search";
				PRODUCT_NAME = "$(TARGET_NAME)";
				SWIFT_VERSION = 4.0;
				TARGETED_DEVICE_FAMILY = 1;
			};
			name = Release;
		};
/* End XCBuildConfiguration section */

/* Begin XCConfigurationList section */
		642D01AD211BA98700043DDC /* Build configuration list for PBXProject "Itunes search" */ = {
			isa = XCConfigurationList;
			buildConfigurations = (
				642D01CD211BA98800043DDC /* Debug */,
				642D01CE211BA98800043DDC /* Release */,
			);
			defaultConfigurationIsVisible = 0;
			defaultConfigurationName = Release;
		};
		642D01CF211BA98800043DDC /* Build configuration list for PBXNativeTarget "Itunes search" */ = {
			isa = XCConfigurationList;
			buildConfigurations = (
				642D01D0211BA98800043DDC /* Debug */,
				642D01D1211BA98800043DDC /* Release */,
			);
			defaultConfigurationIsVisible = 0;
			defaultConfigurationName = Release;
		};
/* End XCConfigurationList section */
	};
	rootObject = 642D01AA211BA98700043DDC /* Project object */;
}
